
Microsoft Visual Studio Solution File, Format Version 12.00
# Visual Studio Version 16
VisualStudioVersion = 16.0.31702.278
MinimumVisualStudioVersion = 10.0.40219.1
Project("{9A19103F-16F7-4668-BE54-9A1E7A4F7556}") = "MimeTypes", "MimeTypes.csproj", "{06B736FC-5018-46C3-AA16-3308FF7B9FEA}"
EndProject
Global
	GlobalSection(SolutionConfigurationPlatforms) = preSolution
		Debug|Any CPU = Debug|Any CPU
		Release|Any CPU = Release|Any CPU
	EndGlobalSection
	GlobalSection(ProjectConfigurationPlatforms) = postSolution
		{06B736FC-5018-46C3-AA16-3308FF7B9FEA}.Debug|Any CPU.ActiveCfg = Debug|Any CPU
		{06B736FC-5018-46C3-AA16-3308FF7B9FEA}.Debug|Any CPU.Build.0 = Debug|Any CPU
		{06B736FC-5018-46C3-AA16-3308FF7B9FEA}.Release|Any CPU.ActiveCfg = Release|Any CPU
		{06B736FC-5018-46C3-AA16-3308FF7B9FEA}.Release|Any CPU.Build.0 = Release|Any CPU
	EndGlobalSection
	GlobalSection(SolutionProperties) = preSolution
		HideSolutionNode = FALSE
	EndGlobalSection
	GlobalSection(ExtensibilityGlobals) = postSolution
		SolutionGuid = {B667C132-3D2A-481F-B4C8-6511016FCE2D}
	EndGlobalSection
EndGlobal
